
Microsoft Visual Studio Solution File, Format Version 12.00
# Visual Studio Version 17
VisualStudioVersion = 17.7.34031.279
MinimumVisualStudioVersion = 10.0.40219.1
Project("{FAE04EC0-301F-11D3-BF4B-00C04F79EFBC}") = "Trip Maker(Travel Management System)", "Trip Maker(Travel Management System).csproj", "{3E2352D6-EB67-4530-A201-7B8BC563FC2F}"
EndProject
Global
	GlobalSection(SolutionConfigurationPlatforms) = preSolution
		Debug|Any CPU = Debug|Any CPU
		Release|Any CPU = Release|Any CPU
	EndGlobalSection
	GlobalSection(ProjectConfigurationPlatforms) = postSolution
		{3E2352D6-EB67-4530-A201-7B8BC563FC2F}.Debug|Any CPU.ActiveCfg = Debug|Any CPU
		{3E2352D6-EB67-4530-A201-7B8BC563FC2F}.Debug|Any CPU.Build.0 = Debug|Any CPU
		{3E2352D6-EB67-4530-A201-7B8BC563FC2F}.Release|Any CPU.ActiveCfg = Release|Any CPU
		{3E2352D6-EB67-4530-A201-7B8BC563FC2F}.Release|Any CPU.Build.0 = Release|Any CPU
	EndGlobalSection
	GlobalSection(SolutionProperties) = preSolution
		HideSolutionNode = FALSE
	EndGlobalSection
	GlobalSection(ExtensibilityGlobals) = postSolution
		SolutionGuid = {8A1B5CC1-91DC-4DCC-AD42-DD0497C0413B}
	EndGlobalSection
EndGlobal
